
Microsoft Visual Studio Solution File, Format Version 12.00
# Visual Studio 15
VisualStudioVersion = 15.0.26124.0
MinimumVisualStudioVersion = 15.0.26124.0
Project("{FAE04EC0-301F-11D3-BF4B-00C04F79EFBC}") = "API", "API\API.csproj", "{3C0D1526-A6DC-41BC-9A28-2BA37858878F}"
EndProject
Project("{FAE04EC0-301F-11D3-BF4B-00C04F79EFBC}") = "Application", "Application\Application.csproj", "{806F6D12-B8BA-4E8F-9D2D-B839CAFE9B90}"
EndProject
Project("{FAE04EC0-301F-11D3-BF4B-00C04F79EFBC}") = "Domain", "Domain\Domain.csproj", "{0C19547E-1790-4B6F-BC73-DEB05A69C5F5}"
EndProject
Project("{FAE04EC0-301F-11D3-BF4B-00C04F79EFBC}") = "Persistence", "Persistence\Persistence.csproj", "{6967EA1E-25A5-4256-9CC7-745CC1339369}"
EndProject
Global
	GlobalSection(SolutionConfigurationPlatforms) = preSolution
		Debug|Any CPU = Debug|Any CPU
		Debug|x64 = Debug|x64
		Debug|x86 = Debug|x86
		Release|Any CPU = Release|Any CPU
		Release|x64 = Release|x64
		Release|x86 = Release|x86
	EndGlobalSection
	GlobalSection(SolutionProperties) = preSolution
		HideSolutionNode = FALSE
	EndGlobalSection
	GlobalSection(ProjectConfigurationPlatforms) = postSolution
		{3C0D1526-A6DC-41BC-9A28-2BA37858878F}.Debug|Any CPU.ActiveCfg = Debug|Any CPU
		{3C0D1526-A6DC-41BC-9A28-2BA37858878F}.Debug|Any CPU.Build.0 = Debug|Any CPU
		{3C0D1526-A6DC-41BC-9A28-2BA37858878F}.Debug|x64.ActiveCfg = Debug|Any CPU
		{3C0D1526-A6DC-41BC-9A28-2BA37858878F}.Debug|x64.Build.0 = Debug|Any CPU
		{3C0D1526-A6DC-41BC-9A28-2BA37858878F}.Debug|x86.ActiveCfg = Debug|Any CPU
		{3C0D1526-A6DC-41BC-9A28-2BA37858878F}.Debug|x86.Build.0 = Debug|Any CPU
		{3C0D1526-A6DC-41BC-9A28-2BA37858878F}.Release|Any CPU.ActiveCfg = Release|Any CPU
		{3C0D1526-A6DC-41BC-9A28-2BA37858878F}.Release|Any CPU.Build.0 = Release|Any CPU
		{3C0D1526-A6DC-41BC-9A28-2BA37858878F}.Release|x64.ActiveCfg = Release|Any CPU
		{3C0D1526-A6DC-41BC-9A28-2BA37858878F}.Release|x64.Build.0 = Release|Any CPU
		{3C0D1526-A6DC-41BC-9A28-2BA37858878F}.Release|x86.ActiveCfg = Release|Any CPU
		{3C0D1526-A6DC-41BC-9A28-2BA37858878F}.Release|x86.Build.0 = Release|Any CPU
		{806F6D12-B8BA-4E8F-9D2D-B839CAFE9B90}.Debug|Any CPU.ActiveCfg = Debug|Any CPU
		{806F6D12-B8BA-4E8F-9D2D-B839CAFE9B90}.Debug|Any CPU.Build.0 = Debug|Any CPU
		{806F6D12-B8BA-4E8F-9D2D-B839CAFE9B90}.Debug|x64.ActiveCfg = Debug|Any CPU
		{806F6D12-B8BA-4E8F-9D2D-B839CAFE9B90}.Debug|x64.Build.0 = Debug|Any CPU
		{806F6D12-B8BA-4E8F-9D2D-B839CAFE9B90}.Debug|x86.ActiveCfg = Debug|Any CPU
		{806F6D12-B8BA-4E8F-9D2D-B839CAFE9B90}.Debug|x86.Build.0 = Debug|Any CPU
		{806F6D12-B8BA-4E8F-9D2D-B839CAFE9B90}.Release|Any CPU.ActiveCfg = Release|Any CPU
		{806F6D12-B8BA-4E8F-9D2D-B839CAFE9B90}.Release|Any CPU.Build.0 = Release|Any CPU
		{806F6D12-B8BA-4E8F-9D2D-B839CAFE9B90}.Release|x64.ActiveCfg = Release|Any CPU
		{806F6D12-B8BA-4E8F-9D2D-B839CAFE9B90}.Release|x64.Build.0 = Release|Any CPU
		{806F6D12-B8BA-4E8F-9D2D-B839CAFE9B90}.Release|x86.ActiveCfg = Release|Any CPU
		{806F6D12-B8BA-4E8F-9D2D-B839CAFE9B90}.Release|x86.Build.0 = Release|Any CPU
		{0C19547E-1790-4B6F-BC73-DEB05A69C5F5}.Debug|Any CPU.ActiveCfg = Debug|Any CPU
		{0C19547E-1790-4B6F-BC73-DEB05A69C5F5}.Debug|Any CPU.Build.0 = Debug|Any CPU
		{0C19547E-1790-4B6F-BC73-DEB05A69C5F5}.Debug|x64.ActiveCfg = Debug|Any CPU
		{0C19547E-1790-4B6F-BC73-DEB05A69C5F5}.Debug|x64.Build.0 = Debug|Any CPU
		{0C19547E-1790-4B6F-BC73-DEB05A69C5F5}.Debug|x86.ActiveCfg = Debug|Any CPU
		{0C19547E-1790-4B6F-BC73-DEB05A69C5F5}.Debug|x86.Build.0 = Debug|Any CPU
		{0C19547E-1790-4B6F-BC73-DEB05A69C5F5}.Release|Any CPU.ActiveCfg = Release|Any CPU
		{0C19547E-1790-4B6F-BC73-DEB05A69C5F5}.Release|Any CPU.Build.0 = Release|Any CPU
		{0C19547E-1790-4B6F-BC73-DEB05A69C5F5}.Release|x64.ActiveCfg = Release|Any CPU
		{0C19547E-1790-4B6F-BC73-DEB05A69C5F5}.Release|x64.Build.0 = Release|Any CPU
		{0C19547E-1790-4B6F-BC73-DEB05A69C5F5}.Release|x86.ActiveCfg = Release|Any CPU
		{0C19547E-1790-4B6F-BC73-DEB05A69C5F5}.Release|x86.Build.0 = Release|Any CPU
		{6967EA1E-25A5-4256-9CC7-745CC1339369}.Debug|Any CPU.ActiveCfg = Debug|Any CPU
		{6967EA1E-25A5-4256-9CC7-745CC1339369}.Debug|Any CPU.Build.0 = Debug|Any CPU
		{6967EA1E-25A5-4256-9CC7-745CC1339369}.Debug|x64.ActiveCfg = Debug|Any CPU
		{6967EA1E-25A5-4256-9CC7-745CC1339369}.Debug|x64.Build.0 = Debug|Any CPU
		{6967EA1E-25A5-4256-9CC7-745CC1339369}.Debug|x86.ActiveCfg = Debug|Any CPU
		{6967EA1E-25A5-4256-9CC7-745CC1339369}.Debug|x86.Build.0 = Debug|Any CPU
		{6967EA1E-25A5-4256-9CC7-745CC1339369}.Release|Any CPU.ActiveCfg = Release|Any CPU
		{6967EA1E-25A5-4256-9CC7-745CC1339369}.Release|Any CPU.Build.0 = Release|Any CPU
		{6967EA1E-25A5-4256-9CC7-745CC1339369}.Release|x64.ActiveCfg = Release|Any CPU
		{6967EA1E-25A5-4256-9CC7-745CC1339369}.Release|x64.Build.0 = Release|Any CPU
		{6967EA1E-25A5-4256-9CC7-745CC1339369}.Release|x86.ActiveCfg = Release|Any CPU
		{6967EA1E-25A5-4256-9CC7-745CC1339369}.Release|x86.Build.0 = Release|Any CPU
	EndGlobalSection
EndGlobal
